// !$*UTF8*$!
{
	archiveVersion = 1;
	classes = {
	};
	objectVersion = 56;
	objects = {

/* Begin PBXBuildFile section */
		AAB9A7EB2AF3897000192585 /* AppDelegate.swift in Sources */ = {isa = PBXBuildFile; fileRef = AAB9A7EA2AF3897000192585 /* AppDelegate.swift */; };
		AAB9A7ED2AF3897000192585 /* SceneDelegate.swift in Sources */ = {isa = PBXBuildFile; fileRef = AAB9A7EC2AF3897000192585 /* SceneDelegate.swift */; };
		AAB9A7EF2AF3897000192585 /* ViewController.swift in Sources */ = {isa = PBXBuildFile; fileRef = AAB9A7EE2AF3897000192585 /* ViewController.swift */; };
		AAB9A7F22AF3897000192585 /* Main.storyboard in Resources */ = {isa = PBXBuildFile; fileRef = AAB9A7F02AF3897000192585 /* Main.storyboard */; };
		AAB9A7F42AF3897000192585 /* Assets.xcassets in Resources */ = {isa = PBXBuildFile; fileRef = AAB9A7F32AF3897000192585 /* Assets.xcassets */; };
		AAB9A7F72AF3897000192585 /* LaunchScreen.storyboard in Resources */ = {isa = PBXBuildFile; fileRef = AAB9A7F52AF3897000192585 /* LaunchScreen.storyboard */; };
		AAB9A8022AF389F000192585 /* CollectionTableViewCell.swift in Sources */ = {isa = PBXBuildFile; fileRef = AAB9A8002AF389F000192585 /* CollectionTableViewCell.swift */; };
		AAB9A8032AF389F000192585 /* CollectionTableViewCell.xib in Resources */ = {isa = PBXBuildFile; fileRef = AAB9A8012AF389F000192585 /* CollectionTableViewCell.xib */; };
		AAB9A8062AF38A2F00192585 /* MyCollectionViewCell.swift in Sources */ = {isa = PBXBuildFile; fileRef = AAB9A8042AF38A2F00192585 /* MyCollectionViewCell.swift */; };
		AAB9A8072AF38A2F00192585 /* MyCollectionViewCell.xib in Resources */ = {isa = PBXBuildFile; fileRef = AAB9A8052AF38A2F00192585 /* MyCollectionViewCell.xib */; };
		AAB9A80B2AF390D600192585 /* Model.swift in Sources */ = {isa = PBXBuildFile; fileRef = AAB9A80A2AF390D600192585 /* Model.swift */; };
/* End PBXBuildFile section */

/* Begin PBXFileReference section */
		AAB9A7E72AF3897000192585 /* CollectionCellProject.app */ = {isa = PBXFileReference; explicitFileType = wrapper.application; includeInIndex = 0; path = CollectionCellProject.app; sourceTree = BUILT_PRODUCTS_DIR; };
		AAB9A7EA2AF3897000192585 /* AppDelegate.swift */ = {isa = PBXFileReference; lastKnownFileType = sourcecode.swift; path = AppDelegate.swift; sourceTree = "<group>"; };
		AAB9A7EC2AF3897000192585 /* SceneDelegate.swift */ = {isa = PBXFileReference; lastKnownFileType = sourcecode.swift; path = SceneDelegate.swift; sourceTree = "<group>"; };
		AAB9A7EE2AF3897000192585 /* ViewController.swift */ = {isa = PBXFileReference; lastKnownFileType = sourcecode.swift; path = ViewController.swift; sourceTree = "<group>"; };
		AAB9A7F12AF3897000192585 /* Base */ = {isa = PBXFileReference; lastKnownFileType = file.storyboard; name = Base; path = Base.lproj/Main.storyboard; sourceTree = "<group>"; };
		AAB9A7F32AF3897000192585 /* Assets.xcassets */ = {isa = PBXFileReference; lastKnownFileType = folder.assetcatalog; path = Assets.xcassets; sourceTree = "<group>"; };
		AAB9A7F62AF3897000192585 /* Base */ = {isa = PBXFileReference; lastKnownFileType = file.storyboard; name = Base; path = Base.lproj/LaunchScreen.storyboard; sourceTree = "<group>"; };
		AAB9A7F82AF3897000192585 /* Info.plist */ = {isa = PBXFileReference; lastKnownFileType = text.plist.xml; path = Info.plist; sourceTree = "<group>"; };
		AAB9A8002AF389F000192585 /* CollectionTableViewCell.swift */ = {isa = PBXFileReference; lastKnownFileType = sourcecode.swift; path = CollectionTableViewCell.swift; sourceTree = "<group>"; };
		AAB9A8012AF389F000192585 /* CollectionTableViewCell.xib */ = {isa = PBXFileReference; lastKnownFileType = file.xib; path = CollectionTableViewCell.xib; sourceTree = "<group>"; };
		AAB9A8042AF38A2F00192585 /* MyCollectionViewCell.swift */ = {isa = PBXFileReference; lastKnownFileType = sourcecode.swift; path = MyCollectionViewCell.swift; sourceTree = "<group>"; };
		AAB9A8052AF38A2F00192585 /* MyCollectionViewCell.xib */ = {isa = PBXFileReference; lastKnownFileType = file.xib; path = MyCollectionViewCell.xib; sourceTree = "<group>"; };
		AAB9A80A2AF390D600192585 /* Model.swift */ = {isa = PBXFileReference; lastKnownFileType = sourcecode.swift; path = Model.swift; sourceTree = "<group>"; };
/* End PBXFileReference section */

/* Begin PBXFrameworksBuildPhase section */
		AAB9A7E42AF3897000192585 /* Frameworks */ = {
			isa = PBXFrameworksBuildPhase;
			buildActionMask = 2147483647;
			files = (
			);
			runOnlyForDeploymentPostprocessing = 0;
		};
/* End PBXFrameworksBuildPhase section */

/* Begin PBXGroup section */
		AAB9A7DE2AF3897000192585 = {
			isa = PBXGroup;
			children = (
				AAB9A7E92AF3897000192585 /* CollectionCellProject */,
				AAB9A7E82AF3897000192585 /* Products */,
			);
			sourceTree = "<group>";
		};
		AAB9A7E82AF3897000192585 /* Products */ = {
			isa = PBXGroup;
			children = (
				AAB9A7E72AF3897000192585 /* CollectionCellProject.app */,
			);
			name = Products;
			sourceTree = "<group>";
		};
		AAB9A7E92AF3897000192585 /* CollectionCellProject */ = {
			isa = PBXGroup;
			children = (
				AAB9A8092AF390C900192585 /* Models */,
				AAB9A7FF2AF3897F00192585 /* CollectionCell */,
				AAB9A7FE2AF3897700192585 /* TableCell */,
				AAB9A7EA2AF3897000192585 /* AppDelegate.swift */,
				AAB9A7EC2AF3897000192585 /* SceneDelegate.swift */,
				AAB9A7EE2AF3897000192585 /* ViewController.swift */,
				AAB9A7F02AF3897000192585 /* Main.storyboard */,
				AAB9A7F32AF3897000192585 /* Assets.xcassets */,
				AAB9A7F52AF3897000192585 /* LaunchScreen.storyboard */,
				AAB9A7F82AF3897000192585 /* Info.plist */,
			);
			path = CollectionCellProject;
			sourceTree = "<group>";
		};
		AAB9A7FE2AF3897700192585 /* TableCell */ = {
			isa = PBXGroup;
			children = (
				AAB9A8002AF389F000192585 /* CollectionTableViewCell.swift */,
				AAB9A8012AF389F000192585 /* CollectionTableViewCell.xib */,
			);
			path = TableCell;
			sourceTree = "<group>";
		};
		AAB9A7FF2AF3897F00192585 /* CollectionCell */ = {
			isa = PBXGroup;
			children = (
				AAB9A8042AF38A2F00192585 /* MyCollectionViewCell.swift */,
				AAB9A8052AF38A2F00192585 /* MyCollectionViewCell.xib */,
			);
			path = CollectionCell;
			sourceTree = "<group>";
		};
		AAB9A8092AF390C900192585 /* Models */ = {
			isa = PBXGroup;
			children = (
				AAB9A80A2AF390D600192585 /* Model.swift */,
			);
			path = Models;
			sourceTree = "<group>";
		};
/* End PBXGroup section */

/* Begin PBXNativeTarget section */
		AAB9A7E62AF3897000192585 /* CollectionCellProject */ = {
			isa = PBXNativeTarget;
			buildConfigurationList = AAB9A7FB2AF3897000192585 /* Build configuration list for PBXNativeTarget "CollectionCellProject" */;
			buildPhases = (
				AAB9A7E32AF3897000192585 /* Sources */,
				AAB9A7E42AF3897000192585 /* Frameworks */,
				AAB9A7E52AF3897000192585 /* Resources */,
			);
			buildRules = (
			);
			dependencies = (
			);
			name = CollectionCellProject;
			productName = CollectionCellProject;
			productReference = AAB9A7E72AF3897000192585 /* CollectionCellProject.app */;
			productType = "com.apple.product-type.application";
		};
/* End PBXNativeTarget section */

/* Begin PBXProject section */
		AAB9A7DF2AF3897000192585 /* Project object */ = {
			isa = PBXProject;
			attributes = {
				BuildIndependentTargetsInParallel = 1;
				LastSwiftUpdateCheck = 1500;
				LastUpgradeCheck = 1500;
				TargetAttributes = {
					AAB9A7E62AF3897000192585 = {
						CreatedOnToolsVersion = 15.0.1;
					};
				};
			};
			buildConfigurationList = AAB9A7E22AF3897000192585 /* Build configuration list for PBXProject "CollectionCellProject" */;
			compatibilityVersion = "Xcode 14.0";
			developmentRegion = en;
			hasScannedForEncodings = 0;
			knownRegions = (
				en,
				Base,
			);
			mainGroup = AAB9A7DE2AF3897000192585;
			productRefGroup = AAB9A7E82AF3897000192585 /* Products */;
			projectDirPath = "";
			projectRoot = "";
			targets = (
				AAB9A7E62AF3897000192585 /* CollectionCellProject */,
			);
		};
/* End PBXProject section */

/* Begin PBXResourcesBuildPhase section */
		AAB9A7E52AF3897000192585 /* Resources */ = {
			isa = PBXResourcesBuildPhase;
			buildActionMask = 2147483647;
			files = (
				AAB9A8072AF38A2F00192585 /* MyCollectionViewCell.xib in Resources */,
				AAB9A7F72AF3897000192585 /* LaunchScreen.storyboard in Resources */,
				AAB9A7F42AF3897000192585 /* Assets.xcassets in Resources */,
				AAB9A7F22AF3897000192585 /* Main.storyboard in Resources */,
				AAB9A8032AF389F000192585 /* CollectionTableViewCell.xib in Resources */,
			);
			runOnlyForDeploymentPostprocessing = 0;
		};
/* End PBXResourcesBuildPhase section */

/* Begin PBXSourcesBuildPhase section */
		AAB9A7E32AF3897000192585 /* Sources */ = {
			isa = PBXSourcesBuildPhase;
			buildActionMask = 2147483647;
			files = (
				AAB9A7EF2AF3897000192585 /* ViewController.swift in Sources */,
				AAB9A8062AF38A2F00192585 /* MyCollectionViewCell.swift in Sources */,
				AAB9A7EB2AF3897000192585 /* AppDelegate.swift in Sources */,
				AAB9A80B2AF390D600192585 /* Model.swift in Sources */,
				AAB9A7ED2AF3897000192585 /* SceneDelegate.swift in Sources */,
				AAB9A8022AF389F000192585 /* CollectionTableViewCell.swift in Sources */,
			);
			runOnlyForDeploymentPostprocessing = 0;
		};
/* End PBXSourcesBuildPhase section */

/* Begin PBXVariantGroup section */
		AAB9A7F02AF3897000192585 /* Main.storyboard */ = {
			isa = PBXVariantGroup;
			children = (
				AAB9A7F12AF3897000192585 /* Base */,
			);
			name = Main.storyboard;
			sourceTree = "<group>";
		};
		AAB9A7F52AF3897000192585 /* LaunchScreen.storyboard */ = {
			isa = PBXVariantGroup;
			children = (
				AAB9A7F62AF3897000192585 /* Base */,
			);
			name = LaunchScreen.storyboard;
			sourceTree = "<group>";
		};
/* End PBXVariantGroup section */

/* Begin XCBuildConfiguration section */
		AAB9A7F92AF3897000192585 /* Debug */ = {
			isa = XCBuildConfiguration;
			buildSettings = {
				ALWAYS_SEARCH_USER_PATHS = NO;
				ASSETCATALOG_COMPILER_GENERATE_SWIFT_ASSET_SYMBOL_EXTENSIONS = YES;
				CLANG_ANALYZER_NONNULL = YES;
				CLANG_ANALYZER_NUMBER_OBJECT_CONVERSION = YES_AGGRESSIVE;
				CLANG_CXX_LANGUAGE_STANDARD = "gnu++20";
				CLANG_ENABLE_MODULES = YES;
				CLANG_ENABLE_OBJC_ARC = YES;
				CLANG_ENABLE_OBJC_WEAK = YES;
				CLANG_WARN_BLOCK_CAPTURE_AUTORELEASING = YES;
				CLANG_WARN_BOOL_CONVERSION = YES;
				CLANG_WARN_COMMA = YES;
				CLANG_WARN_CONSTANT_CONVERSION = YES;
				CLANG_WARN_DEPRECATED_OBJC_IMPLEMENTATIONS = YES;
				CLANG_WARN_DIRECT_OBJC_ISA_USAGE = YES_ERROR;
				CLANG_WARN_DOCUMENTATION_COMMENTS = YES;
				CLANG_WARN_EMPTY_BODY = YES;
				CLANG_WARN_ENUM_CONVERSION = YES;
				CLANG_WARN_INFINITE_RECURSION = YES;
				CLANG_WARN_INT_CONVERSION = YES;
				CLANG_WARN_NON_LITERAL_NULL_CONVERSION = YES;
				CLANG_WARN_OBJC_IMPLICIT_RETAIN_SELF = YES;
				CLANG_WARN_OBJC_LITERAL_CONVERSION = YES;
				CLANG_WARN_OBJC_ROOT_CLASS = YES_ERROR;
				CLANG_WARN_QUOTED_INCLUDE_IN_FRAMEWORK_HEADER = YES;
				CLANG_WARN_RANGE_LOOP_ANALYSIS = YES;
				CLANG_WARN_STRICT_PROTOTYPES = YES;
				CLANG_WARN_SUSPICIOUS_MOVE = YES;
				CLANG_WARN_UNGUARDED_AVAILABILITY = YES_AGGRESSIVE;
				CLANG_WARN_UNREACHABLE_CODE = YES;
				CLANG_WARN__DUPLICATE_METHOD_MATCH = YES;
				COPY_PHASE_STRIP = NO;
				DEBUG_INFORMATION_FORMAT = dwarf;
				ENABLE_STRICT_OBJC_MSGSEND = YES;
				ENABLE_TESTABILITY = YES;
				ENABLE_USER_SCRIPT_SANDBOXING = YES;
				GCC_C_LANGUAGE_STANDARD = gnu17;
				GCC_DYNAMIC_NO_PIC = NO;
				GCC_NO_COMMON_BLOCKS = YES;
				GCC_OPTIMIZATION_LEVEL = 0;
				GCC_PREPROCESSOR_DEFINITIONS = (
					"DEBUG=1",
					"$(inherited)",
				);
				GCC_WARN_64_TO_32_BIT_CONVERSION = YES;
				GCC_WARN_ABOUT_RETURN_TYPE = YES_ERROR;
				GCC_WARN_UNDECLARED_SELECTOR = YES;
				GCC_WARN_UNINITIALIZED_AUTOS = YES_AGGRESSIVE;
				GCC_WARN_UNUSED_FUNCTION = YES;
				GCC_WARN_UNUSED_VARIABLE = YES;
				IPHONEOS_DEPLOYMENT_TARGET = 17.0;
				LOCALIZATION_PREFERS_STRING_CATALOGS = YES;
				MTL_ENABLE_DEBUG_INFO = INCLUDE_SOURCE;
				MTL_FAST_MATH = YES;
				ONLY_ACTIVE_ARCH = YES;
				SDKROOT = iphoneos;
				SWIFT_ACTIVE_COMPILATION_CONDITIONS = "DEBUG $(inherited)";
				SWIFT_OPTIMIZATION_LEVEL = "-Onone";
			};
			name = Debug;
		};
		AAB9A7FA2AF3897000192585 /* Release */ = {
			isa = XCBuildConfiguration;
			buildSettings = {
				ALWAYS_SEARCH_USER_PATHS = NO;
				ASSETCATALOG_COMPILER_GENERATE_SWIFT_ASSET_SYMBOL_EXTENSIONS = YES;
				CLANG_ANALYZER_NONNULL = YES;
				CLANG_ANALYZER_NUMBER_OBJECT_CONVERSION = YES_AGGRESSIVE;
				CLANG_CXX_LANGUAGE_STANDARD = "gnu++20";
				CLANG_ENABLE_MODULES = YES;
				CLANG_ENABLE_OBJC_ARC = YES;
				CLANG_ENABLE_OBJC_WEAK = YES;
				CLANG_WARN_BLOCK_CAPTURE_AUTORELEASING = YES;
				CLANG_WARN_BOOL_CONVERSION = YES;
				CLANG_WARN_COMMA = YES;
				CLANG_WARN_CONSTANT_CONVERSION = YES;
				CLANG_WARN_DEPRECATED_OBJC_IMPLEMENTATIONS = YES;
				CLANG_WARN_DIRECT_OBJC_ISA_USAGE = YES_ERROR;
				CLANG_WARN_DOCUMENTATION_COMMENTS = YES;
				CLANG_WARN_EMPTY_BODY = YES;
				CLANG_WARN_ENUM_CONVERSION = YES;
				CLANG_WARN_INFINITE_RECURSION = YES;
				CLANG_WARN_INT_CONVERSION = YES;
				CLANG_WARN_NON_LITERAL_NULL_CONVERSION = YES;
				CLANG_WARN_OBJC_IMPLICIT_RETAIN_SELF = YES;
				CLANG_WARN_OBJC_LITERAL_CONVERSION = YES;
				CLANG_WARN_OBJC_ROOT_CLASS = YES_ERROR;
				CLANG_WARN_QUOTED_INCLUDE_IN_FRAMEWORK_HEADER = YES;
				CLANG_WARN_RANGE_LOOP_ANALYSIS = YES;
				CLANG_WARN_STRICT_PROTOTYPES = YES;
				CLANG_WARN_SUSPICIOUS_MOVE = YES;
				CLANG_WARN_UNGUARDED_AVAILABILITY = YES_AGGRESSIVE;
				CLANG_WARN_UNREACHABLE_CODE = YES;
				CLANG_WARN__DUPLICATE_METHOD_MATCH = YES;
				COPY_PHASE_STRIP = NO;
				DEBUG_INFORMATION_FORMAT = "dwarf-with-dsym";
				ENABLE_NS_ASSERTIONS = NO;
				ENABLE_STRICT_OBJC_MSGSEND = YES;
				ENABLE_USER_SCRIPT_SANDBOXING = YES;
				GCC_C_LANGUAGE_STANDARD = gnu17;
				GCC_NO_COMMON_BLOCKS = YES;
				GCC_WARN_64_TO_32_BIT_CONVERSION = YES;
				GCC_WARN_ABOUT_RETURN_TYPE = YES_ERROR;
				GCC_WARN_UNDECLARED_SELECTOR = YES;
				GCC_WARN_UNINITIALIZED_AUTOS = YES_AGGRESSIVE;
				GCC_WARN_UNUSED_FUNCTION = YES;
				GCC_WARN_UNUSED_VARIABLE = YES;
				IPHONEOS_DEPLOYMENT_TARGET = 17.0;
				LOCALIZATION_PREFERS_STRING_CATALOGS = YES;
				MTL_ENABLE_DEBUG_INFO = NO;
				MTL_FAST_MATH = YES;
				SDKROOT = iphoneos;
				SWIFT_COMPILATION_MODE = wholemodule;
				VALIDATE_PRODUCT = YES;
			};
			name = Release;
		};
		AAB9A7FC2AF3897000192585 /* Debug */ = {
			isa = XCBuildConfiguration;
			buildSettings = {
				ASSETCATALOG_COMPILER_APPICON_NAME = AppIcon;
				ASSETCATALOG_COMPILER_GLOBAL_ACCENT_COLOR_NAME = AccentColor;
				CODE_SIGN_STYLE = Automatic;
				CURRENT_PROJECT_VERSION = 1;
				GENERATE_INFOPLIST_FILE = YES;
				INFOPLIST_FILE = CollectionCellProject/Info.plist;
				INFOPLIST_KEY_UIApplicationSupportsIndirectInputEvents = YES;
				INFOPLIST_KEY_UILaunchStoryboardName = LaunchScreen;
				INFOPLIST_KEY_UIMainStoryboardFile = Main;
				INFOPLIST_KEY_UISupportedInterfaceOrientations_iPad = "UIInterfaceOrientationPortrait UIInterfaceOrientationPortraitUpsideDown UIInterfaceOrientationLandscapeLeft UIInterfaceOrientationLandscapeRight";
				INFOPLIST_KEY_UISupportedInterfaceOrientations_iPhone = "UIInterfaceOrientationPortrait UIInterfaceOrientationLandscapeLeft UIInterfaceOrientationLandscapeRight";
				LD_RUNPATH_SEARCH_PATHS = (
					"$(inherited)",
					"@executable_path/Frameworks",
				);
				MARKETING_VERSION = 1.0;
				PRODUCT_BUNDLE_IDENTIFIER = net.sportzinteractive.CollectionCellProject;
				PRODUCT_NAME = "$(TARGET_NAME)";
				SWIFT_EMIT_LOC_STRINGS = YES;
				SWIFT_VERSION = 5.0;
				TARGETED_DEVICE_FAMILY = "1,2";
			};
			name = Debug;
		};
		AAB9A7FD2AF3897000192585 /* Release */ = {
			isa = XCBuildConfiguration;
			buildSettings = {
				ASSETCATALOG_COMPILER_APPICON_NAME = AppIcon;
				ASSETCATALOG_COMPILER_GLOBAL_ACCENT_COLOR_NAME = AccentColor;
				CODE_SIGN_STYLE = Automatic;
				CURRENT_PROJECT_VERSION = 1;
				GENERATE_INFOPLIST_FILE = YES;
				INFOPLIST_FILE = CollectionCellProject/Info.plist;
				INFOPLIST_KEY_UIApplicationSupportsIndirectInputEvents = YES;
				INFOPLIST_KEY_UILaunchStoryboardName = LaunchScreen;
				INFOPLIST_KEY_UIMainStoryboardFile = Main;
				INFOPLIST_KEY_UISupportedInterfaceOrientations_iPad = "UIInterfaceOrientationPortrait UIInterfaceOrientationPortraitUpsideDown UIInterfaceOrientationLandscapeLeft UIInterfaceOrientationLandscapeRight";
				INFOPLIST_KEY_UISupportedInterfaceOrientations_iPhone = "UIInterfaceOrientationPortrait UIInterfaceOrientationLandscapeLeft UIInterfaceOrientationLandscapeRight";
				LD_RUNPATH_SEARCH_PATHS = (
					"$(inherited)",
					"@executable_path/Frameworks",
				);
				MARKETING_VERSION = 1.0;
				PRODUCT_BUNDLE_IDENTIFIER = net.sportzinteractive.CollectionCellProject;
				PRODUCT_NAME = "$(TARGET_NAME)";
				SWIFT_EMIT_LOC_STRINGS = YES;
				SWIFT_VERSION = 5.0;
				TARGETED_DEVICE_FAMILY = "1,2";
			};
			name = Release;
		};
/* End XCBuildConfiguration section */

/* Begin XCConfigurationList section */
		AAB9A7E22AF3897000192585 /* Build configuration list for PBXProject "CollectionCellProject" */ = {
			isa = XCConfigurationList;
			buildConfigurations = (
				AAB9A7F92AF3897000192585 /* Debug */,
				AAB9A7FA2AF3897000192585 /* Release */,
			);
			defaultConfigurationIsVisible = 0;
			defaultConfigurationName = Release;
		};
		AAB9A7FB2AF3897000192585 /* Build configuration list for PBXNativeTarget "CollectionCellProject" */ = {
			isa = XCConfigurationList;
			buildConfigurations = (
				AAB9A7FC2AF3897000192585 /* Debug */,
				AAB9A7FD2AF3897000192585 /* Release */,
			);
			defaultConfigurationIsVisible = 0;
			defaultConfigurationName = Release;
		};
/* End XCConfigurationList section */
	};
	rootObject = AAB9A7DF2AF3897000192585 /* Project object */;
}
